{
  "name": "Install",
  "lockfileVersion": 3,
  "requires": true,
  "packages": {
    "": {
      "dependencies": {
        "opencode-ai": "^1.17.4"
      }
    },
    "node_modules/opencode-ai": {
      "version": "1.17.4",
      "resolved": "https://registry.npmjs.org/opencode-ai/-/opencode-ai-1.17.4.tgz",
      "integrity": "sha512-PKjjpN6nl7AMpMgq9mJvK9C190aLnxmq0bOi0/sz9cOvEzRpFQFfdL7NmYfoQbXwNtaSYC49eDGGU0hFTtwQkg==",
      "cpu": [
        "arm64",
        "x64"
      ],
      "hasInstallScript": true,
      "license": "MIT",
      "os": [
        "darwin",
        "linux",
        "win32"
      ],
      "bin": {
        "opencode": "bin/opencode.exe"
      },
      "optionalDependencies": {
        "opencode-darwin-arm64": "1.17.4",
        "opencode-darwin-x64": "1.17.4",
        "opencode-darwin-x64-baseline": "1.17.4",
        "opencode-linux-arm64": "1.17.4",
        "opencode-linux-arm64-musl": "1.17.4",
        "opencode-linux-x64": "1.17.4",
        "opencode-linux-x64-baseline": "1.17.4",
        "opencode-linux-x64-baseline-musl": "1.17.4",
        "opencode-linux-x64-musl": "1.17.4",
        "opencode-windows-arm64": "1.17.4",
        "opencode-windows-x64": "1.17.4",
        "opencode-windows-x64-baseline": "1.17.4"
      }
    },
    "node_modules/opencode-darwin-arm64": {
      "version": "1.17.4",
      "resolved": "https://registry.npmjs.org/opencode-darwin-arm64/-/opencode-darwin-arm64-1.17.4.tgz",
      "integrity": "sha512-2FZNZ8FRSY6jw4dbTHqyrSZei/hgFcSI1VMBAyiE5GXMrHtyGrw36CXdzC5/4x9GKZvv5AwSO5bGffNvoW8qYw==",
      "cpu": [
        "arm64"
      ],
      "optional": true,
      "os": [
        "darwin"
      ]
    },
    "node_modules/opencode-darwin-x64": {
      "version": "1.17.4",
      "resolved": "https://registry.npmjs.org/opencode-darwin-x64/-/opencode-darwin-x64-1.17.4.tgz",
      "integrity": "sha512-wtyZzCwO1WsVgpRNBmrn0NysL7uDBY3K9OoDV3kJrxEAMoJPREc14yscs5Mp1wspmx0vO5WMECe0eVToaYtSFw==",
      "cpu": [
        "x64"
      ],
      "optional": true,
      "os": [
        "darwin"
      ]
    },
    "node_modules/opencode-darwin-x64-baseline": {
      "version": "1.17.4",
      "resolved": "https://registry.npmjs.org/opencode-darwin-x64-baseline/-/opencode-darwin-x64-baseline-1.17.4.tgz",
      "integrity": "sha512-mODxs/hyOxq0bAhabo1W5nRpyYjkhKKtlIdoo4UXVzOMGQmAmEA7TkP6XhAdPq6LH6XjdlZFHsOWO4NC5o/yCw==",
      "cpu": [
        "x64"
      ],
      "optional": true,
      "os": [
        "darwin"
      ]
    },
    "node_modules/opencode-linux-arm64": {
      "version": "1.17.4",
      "resolved": "https://registry.npmjs.org/opencode-linux-arm64/-/opencode-linux-arm64-1.17.4.tgz",
      "integrity": "sha512-6Gp1BBwKgMgyGGFMqMFdR1TI6KZO9WiAaAZ7DDtcRMRnrvd0CXO+gGAFJKqQZ7RDnbPHhpaXlt0ydGdoF0FN+g==",
      "cpu": [
        "arm64"
      ],
      "optional": true,
      "os": [
        "linux"
      ]
    },
    "node_modules/opencode-linux-arm64-musl": {
      "version": "1.17.4",
      "resolved": "https://registry.npmjs.org/opencode-linux-arm64-musl/-/opencode-linux-arm64-musl-1.17.4.tgz",
      "integrity": "sha512-8axm1+sBqKJyFMQI8kquvskXEhh0xzXyNq22h/w0zBirN+cUQ7rPKARJ6gczVe60C6gHfS+bN0IOEszv2bUcSA==",
      "cpu": [
        "arm64"
      ],
      "optional": true,
      "os": [
        "linux"
      ]
    },
    "node_modules/opencode-linux-x64": {
      "version": "1.17.4",
      "resolved": "https://registry.npmjs.org/opencode-linux-x64/-/opencode-linux-x64-1.17.4.tgz",
      "integrity": "sha512-KEjLRLdobfwThV0ik1pO/D9sy+uykhA+Sp2yy52WyNYAYqTEuKxz3265EeY6tIzTZG7HI/wENiDTCvZsVrpsfg==",
      "cpu": [
        "x64"
      ],
      "optional": true,
      "os": [
        "linux"
      ]
    },
    "node_modules/opencode-linux-x64-baseline": {
      "version": "1.17.4",
      "resolved": "https://registry.npmjs.org/opencode-linux-x64-baseline/-/opencode-linux-x64-baseline-1.17.4.tgz",
      "integrity": "sha512-+qBaxCJvb5exr39xc0TXSe5oV1Fj9KsHsbBgEfa1VuqyWkmAw82LAYcIOohNGHBYSv/dyOY4fNiSTgLWpzNZdw==",
      "cpu": [
        "x64"
      ],
      "optional": true,
      "os": [
        "linux"
      ]
    },
    "node_modules/opencode-linux-x64-baseline-musl": {
      "version": "1.17.4",
      "resolved": "https://registry.npmjs.org/opencode-linux-x64-baseline-musl/-/opencode-linux-x64-baseline-musl-1.17.4.tgz",
      "integrity": "sha512-/KH1OVX7Rp94VKHqujFXhGxpAF/GNDU8BZRmBvdYkK38ibmcFGrB7FSGhBey1rE8W0e2Lh04Fp563W5LtnarQA==",
      "cpu": [
        "x64"
      ],
      "optional": true,
      "os": [
        "linux"
      ]
    },
    "node_modules/opencode-linux-x64-musl": {
      "version": "1.17.4",
      "resolved": "https://registry.npmjs.org/opencode-linux-x64-musl/-/opencode-linux-x64-musl-1.17.4.tgz",
      "integrity": "sha512-dPVhJ2A21ePNVq15YOKX77N40SenJD6kdzyvtmVLJmbNzp2kvSqZ4Fqsdc4EZTWu62Yuuv//QisUsxUct2Bn9g==",
      "cpu": [
        "x64"
      ],
      "optional": true,
      "os": [
        "linux"
      ]
    },
    "node_modules/opencode-windows-arm64": {
      "version": "1.17.4",
      "resolved": "https://registry.npmjs.org/opencode-windows-arm64/-/opencode-windows-arm64-1.17.4.tgz",
      "integrity": "sha512-5DTJIzD8w1bI3sf2dLmHa6Jseq6+pdcRLkldJYsm3gCl9i5XZ2gV+tXiUOpsml3XhJPL96oWvlC1jrW89DeRoQ==",
      "cpu": [
        "arm64"
      ],
      "optional": true,
      "os": [
        "win32"
      ]
    },
    "node_modules/opencode-windows-x64": {
      "version": "1.17.4",
      "resolved": "https://registry.npmjs.org/opencode-windows-x64/-/opencode-windows-x64-1.17.4.tgz",
      "integrity": "sha512-rYLkfkhRdT5r+C5Xkx1xMd4jgESCSq5pA50WrNbMqJA+Fl36Kf3fRlhBXX70ODamcyJjGBsy03RFCN/poVeoxA==",
      "cpu": [
        "x64"
      ],
      "optional": true,
      "os": [
        "win32"
      ]
    },
    "node_modules/opencode-windows-x64-baseline": {
      "version": "1.17.4",
      "resolved": "https://registry.npmjs.org/opencode-windows-x64-baseline/-/opencode-windows-x64-baseline-1.17.4.tgz",
      "integrity": "sha512-J8EX2wOPkZSJeLzVsGuGSo+5cuWJQzCytR4H3UVuqZ8lT1IY0oViE7dPc/MKWt2ueZKIGWoPWZnlG6ByplRgvg==",
      "cpu": [
        "x64"
      ],
      "optional": true,
      "os": [
        "win32"
      ]
    }
  }
}
